{
  "lockfileVersion": 1,
  "configVersion": 1,
  "workspaces": {
    "": {
      "name": "langsagne",
      "devDependencies": {
        "@types/bun": "^1.3.14",
        "@types/react": "^19.2.14",
        "@types/react-dom": "^19.2.3",
        "devjar": "1.0.0",
        "react": "^19.2.6",
        "react-dom": "^19.2.6",
        "tailwindcss": "^4.3.0",
        "typescript": "^6.0.3",
      },
    },
  },
  "packages": {
    "@oxc-minify/binding-android-arm-eabi": ["@oxc-minify/binding-android-arm-eabi@0.148.0", "", { "os": "android", "cpu": "arm" }, "sha512-MIA60In6fnBkLddc6035oh5TcPa3IMvymzaGbxvRf+HFEsea9T1O3mMqxWT4o3i09dwFUZOZnvJChRLPIPN2pw=="],

    "@oxc-minify/binding-android-arm64": ["@oxc-minify/binding-android-arm64@0.148.0", "", { "os": "android", "cpu": "arm64" }, "sha512-71BvTCzdCMhluK/TQ5A/6swUA7cZ6ZomSKHsf7JSnNl168nDLiYx9hbCLuUzh/vVVTnfUmZxNp7JVw/OtLxDtw=="],

    "@oxc-minify/binding-darwin-arm64": ["@oxc-minify/binding-darwin-arm64@0.148.0", "", { "os": "darwin", "cpu": "arm64" }, "sha512-hW2CTEa8z19hYcIgn6UjCgXx9SiZqCJct0kdXLqkU8mXkWVr7+Rj/Y2t1tbs01nN20/jTpgKjCWEu0CaJ+gLuQ=="],

    "@oxc-minify/binding-darwin-x64": ["@oxc-minify/binding-darwin-x64@0.148.0", "", { "os": "darwin", "cpu": "x64" }, "sha512-KFNmKbsBm9KCHzw1MX+8PjMrkiXMgFpzVT8TPLTqF66IYD1PokK2nz+xOt12lbtSIP6MpTZ9VQBIMPbadr/p6g=="],

    "@oxc-minify/binding-freebsd-x64": ["@oxc-minify/binding-freebsd-x64@0.148.0", "", { "os": "freebsd", "cpu": "x64" }, "sha512-H5IORGfabNqERDH1e2IlFWUDYnz7WSsIIr/fBcG2YaDh78xFOR26vBvi1qzvkiMdhy9nCNBnLKPAXJBJLUYlDg=="],

    "@oxc-minify/binding-linux-arm-gnueabihf": ["@oxc-minify/binding-linux-arm-gnueabihf@0.148.0", "", { "os": "linux", "cpu": "arm" }, "sha512-yKlDbF55YZQXE5+IaLvAMOSeZoMy0MBtBd35zLCuWcuXC3jaQyVVDPaPdXva6Uil5+VCnUuIuwtLzKrJbi6P9w=="],

    "@oxc-minify/binding-linux-arm-musleabihf": ["@oxc-minify/binding-linux-arm-musleabihf@0.148.0", "", { "os": "linux", "cpu": "arm" }, "sha512-2eI2q5W0irFaF9hSG721IJcSENWNlTHn0lpTOOezVo9cgBM4N/vSS8BTMA340j5CmbxwjejXqldRwh3p7pubvw=="],

    "@oxc-minify/binding-linux-arm64-gnu": ["@oxc-minify/binding-linux-arm64-gnu@0.148.0", "", { "os": "linux", "cpu": "arm64" }, "sha512-Umu7tAVHIStn81T3rn+KkHPdXA9nMF+klWr48ztY45BANfN6F7gIx+2HL2NphO9y/Ol8Kch0FnQG4Nch8dIjug=="],

    "@oxc-minify/binding-linux-arm64-musl": ["@oxc-minify/binding-linux-arm64-musl@0.148.0", "", { "os": "linux", "cpu": "arm64" }, "sha512-2o1veOj5SpCceePhXymWms8DcDZTYXHPMLdaAjT5weybu3WSLq9K0CnRLc87IjMrHjeH+wk8nF/Uajzcvz1nrQ=="],

    "@oxc-minify/binding-linux-ppc64-gnu": ["@oxc-minify/binding-linux-ppc64-gnu@0.148.0", "", { "os": "linux", "cpu": "ppc64" }, "sha512-MG2abmikk8Qf5lyTY6b+BFaeUoyXOgmKVUFSvpsqvXVf14lf1p8RAKp9p59ichcgyR3iHxpIKz5eu380krPN2w=="],

    "@oxc-minify/binding-linux-riscv64-gnu": ["@oxc-minify/binding-linux-riscv64-gnu@0.148.0", "", { "os": "linux", "cpu": "none" }, "sha512-GyNOTV3+JTxlWQQyCwCF3sPonEn1zASMR52MQZn9ULQ/9iRnYFMHmI4LHQn0v1XC8xlbd/Xaujuh9EGMVeh5iA=="],

    "@oxc-minify/binding-linux-riscv64-musl": ["@oxc-minify/binding-linux-riscv64-musl@0.148.0", "", { "os": "linux", "cpu": "none" }, "sha512-Av1t+ZV52Mgu3+Exqvj+f0sMOC9nf3dwNtpgcJgMnWh6SevydFCAZNwFtExuViyzpa1Va87IEfSuWAA4+VQ+Mg=="],

    "@oxc-minify/binding-linux-s390x-gnu": ["@oxc-minify/binding-linux-s390x-gnu@0.148.0", "", { "os": "linux", "cpu": "s390x" }, "sha512-mfu/O6X8W8jYlioStUI69YFVfqGyk/MzvMdyaWV7ujPd/5ZIfUpCpfRkorFG5g7eQaDDSzE/7/W5IoUOxJIZyw=="],

    "@oxc-minify/binding-linux-x64-gnu": ["@oxc-minify/binding-linux-x64-gnu@0.148.0", "", { "os": "linux", "cpu": "x64" }, "sha512-HY2jxBQcinCym9X6B9gyoalais7CjGMFU3+sSXfGZ1N0FgXGd0dfTIDeqtom1Z2+qU+277V5/nCxoev+DG2iDA=="],

    "@oxc-minify/binding-linux-x64-musl": ["@oxc-minify/binding-linux-x64-musl@0.148.0", "", { "os": "linux", "cpu": "x64" }, "sha512-+AK/PuqzFsptd9u4PtWhIVCi7uSCORAkEo9uPKuAxxbn1l9KlxJae3i+LwCQVoGKQhNSajX+anCa1xi7YyWYnw=="],

    "@oxc-minify/binding-openharmony-arm64": ["@oxc-minify/binding-openharmony-arm64@0.148.0", "", { "os": "none", "cpu": "arm64" }, "sha512-FDhKoooJ38g104Rd4y1ze2TvM8WSDoK33IUI3MugGMaL16UJpyORnDyxng/HRkldbO57RnBshx5mTo8wmMsiKA=="],

    "@oxc-minify/binding-win32-arm64-msvc": ["@oxc-minify/binding-win32-arm64-msvc@0.148.0", "", { "os": "win32", "cpu": "arm64" }, "sha512-f2sQwWkSI7KBU67q4ph6Jdr7SpJksq9wPJHYzwQxOyi+TtNyD54Eg8Qpwc/HNeYW3eRzg9BgltREsjdoqGGcIA=="],

    "@oxc-minify/binding-win32-ia32-msvc": ["@oxc-minify/binding-win32-ia32-msvc@0.148.0", "", { "os": "win32", "cpu": "ia32" }, "sha512-hJqroCHj5m4ux8erBS9pqtoIkfzR55XgVAuE47vHgPsj4drjlK46wWvyDEkJG/3mY8eVVZigoGnKSIutkFaOqw=="],

    "@oxc-minify/binding-win32-x64-msvc": ["@oxc-minify/binding-win32-x64-msvc@0.148.0", "", { "os": "win32", "cpu": "x64" }, "sha512-mnbhbYlZb97ZIptSlmC3Y88dLyBk03GHgyP8Kd2jleu/qKqYMhzH9+8t4qNCYEaOFmxZwnd1JiZKz11sixxMVA=="],

    "@oxc-transform/binding-android-arm-eabi": ["@oxc-transform/binding-android-arm-eabi@0.144.0", "", { "os": "android", "cpu": "arm" }, "sha512-Sskiy+uGMIjOFI9D1OZdYgT2NzVuvkOU5HDWAdp36BNuBbOoBFpNTVAT2D9PGfRQJEKJ/K/Wb2L0gA2VC23UUA=="],

    "@oxc-transform/binding-android-arm64": ["@oxc-transform/binding-android-arm64@0.144.0", "", { "os": "android", "cpu": "arm64" }, "sha512-osVA5RRHE63G9effQf2ME3HOscX0zDTTG1O9Xz6tIdxY11y+Pj51l6XD2lk4m3scUa8biI6qUhDInH7IKGUopw=="],

    "@oxc-transform/binding-darwin-arm64": ["@oxc-transform/binding-darwin-arm64@0.144.0", "", { "os": "darwin", "cpu": "arm64" }, "sha512-gRpF9QorjIHzvPQ+ix7Tu0gDViikaU8iGZN/FkZSW8AJCqJrlInJpnugZisgmBDmWlPD9XuEuWPR0kXDI70nww=="],

    "@oxc-transform/binding-darwin-x64": ["@oxc-transform/binding-darwin-x64@0.144.0", "", { "os": "darwin", "cpu": "x64" }, "sha512-EyxYXw5qm/Z1wi2DJQr2IXTOvYNHKFzI6sITYvwRBdWt6mRNrskUNXq5Jqr47183kSb8w1f5ygVQLS2x2k2yVg=="],

    "@oxc-transform/binding-freebsd-x64": ["@oxc-transform/binding-freebsd-x64@0.144.0", "", { "os": "freebsd", "cpu": "x64" }, "sha512-aKhXnBEvbUJBxTgh5ai9RGGjZOCL8Y9IZM0IfG7WQOdQc2aha4IukyBQ3/V1c5DQFZl8hblGzf95D3Es2uNV2A=="],

    "@oxc-transform/binding-linux-arm-gnueabihf": ["@oxc-transform/binding-linux-arm-gnueabihf@0.144.0", "", { "os": "linux", "cpu": "arm" }, "sha512-wWGIK7+bG1gQRR0VEhaQrUOSQqwc6Mo3NuHlBIXt20YLxHSzeghFHU/KuIs2S7xcOZOaWqM4aRKB86fxV1QKeA=="],

    "@oxc-transform/binding-linux-arm-musleabihf": ["@oxc-transform/binding-linux-arm-musleabihf@0.144.0", "", { "os": "linux", "cpu": "arm" }, "sha512-R8XAHI6gxenWpzpNe7hll2KXAtfIaDL/6w/oFuuVZ3/bpKwEYH/U1fdSmq3ImbtJbIZXAhGGOTOeaWoKLLhF2w=="],

    "@oxc-transform/binding-linux-arm64-gnu": ["@oxc-transform/binding-linux-arm64-gnu@0.144.0", "", { "os": "linux", "cpu": "arm64" }, "sha512-PBGyvBcPeSHujvTNDNj5lVEZGI2CEszyBIKBnQsuhXE6PbkXsXN+ar1tAv9MDFByIppTa6eHCkBCx2wLRGRd5A=="],

    "@oxc-transform/binding-linux-arm64-musl": ["@oxc-transform/binding-linux-arm64-musl@0.144.0", "", { "os": "linux", "cpu": "arm64" }, "sha512-vbXqLri/fGsRzvFm9sUDjEadBq3OlGfmb5c33pyfKVM+AjP685LXb7smUNzjfbmKpGkXB18tHvqpt/QXNadZTg=="],

    "@oxc-transform/binding-linux-ppc64-gnu": ["@oxc-transform/binding-linux-ppc64-gnu@0.144.0", "", { "os": "linux", "cpu": "ppc64" }, "sha512-0SYHjw+KLnjFI1rdZAf0TfgoIqDIDvjsedNZ0U0rxZiHVNJyDltaB8m75rvNToTMfcmV76k61HXOmW6Neylo/A=="],

    "@oxc-transform/binding-linux-riscv64-gnu": ["@oxc-transform/binding-linux-riscv64-gnu@0.144.0", "", { "os": "linux", "cpu": "none" }, "sha512-n7uZFeZimHxuasIpwnwybw9UXQ0AxLHkGeOmHGMtcqey2mYmdVdW/5M+tliPVgPwVGu4HlBqv/riWsqWmrVQEQ=="],

    "@oxc-transform/binding-linux-riscv64-musl": ["@oxc-transform/binding-linux-riscv64-musl@0.144.0", "", { "os": "linux", "cpu": "none" }, "sha512-Dc/pGt10QuqCO4tG51hZ+zp/+BNnUVTcDFS7FHCR67X8IaoEE8J7Pr0DkAcn8uPTvvSFzzNkhPwSx/L4XCUb/w=="],

    "@oxc-transform/binding-linux-s390x-gnu": ["@oxc-transform/binding-linux-s390x-gnu@0.144.0", "", { "os": "linux", "cpu": "s390x" }, "sha512-BeZ9tDcUVwfHlUl76GBwuDxrqmRLqdugPrq+LXuFRJ2mCzn3oFe4vOGCDMLW9ObIRAISR7+NIPH3CUyxM8VgOQ=="],

    "@oxc-transform/binding-linux-x64-gnu": ["@oxc-transform/binding-linux-x64-gnu@0.144.0", "", { "os": "linux", "cpu": "x64" }, "sha512-6U5R564AZ/ormt8iXXFETByq9dtADi9j2zEs4IEu0/5nvx27I+M7WTwGYBmWvYr1CfHTkM3a5KgNU0Vn3VoQPQ=="],

    "@oxc-transform/binding-linux-x64-musl": ["@oxc-transform/binding-linux-x64-musl@0.144.0", "", { "os": "linux", "cpu": "x64" }, "sha512-gpEHX25aa33npfw/GcjHT+Hrk3n7kNrKdsDcNB43u5XIyvCgyVR/S/YncSbYI1Woko30YfiE77jKsDx1WrkauQ=="],

    "@oxc-transform/binding-openharmony-arm64": ["@oxc-transform/binding-openharmony-arm64@0.144.0", "", { "os": "none", "cpu": "arm64" }, "sha512-1kEUpTvm8ADkrUCX5xMop3/8szkTANZ1rLSbuiLGQ6KtbWWQm7hJUDvj78Sig8rZ8TqZS+BwUI4dcw4lK+Yysw=="],

    "@oxc-transform/binding-win32-arm64-msvc": ["@oxc-transform/binding-win32-arm64-msvc@0.144.0", "", { "os": "win32", "cpu": "arm64" }, "sha512-/02/Bsw7WPxPQhhEfU80oRtOakHWPzE3MuPVkU4aTACPhismESGl2iIWVsTBddTiViyj30VxyqiEN/022LQnNg=="],

    "@oxc-transform/binding-win32-ia32-msvc": ["@oxc-transform/binding-win32-ia32-msvc@0.144.0", "", { "os": "win32", "cpu": "ia32" }, "sha512-nNxuvrVG9xR06XyZqPqGxt2kNkcYyseki1CFpzHSw+8iZs22EyaGVocjirIsp5t5SBj8Zd+xOLHmT9ldn6ZOTA=="],

    "@oxc-transform/binding-win32-x64-msvc": ["@oxc-transform/binding-win32-x64-msvc@0.144.0", "", { "os": "win32", "cpu": "x64" }, "sha512-2mqtOa1KR/v8F85Cf8l1jX411AM7dYDO1HUDzucPXvO9LX63AaHxwafv+Uds1NzxSqnZtlpd1/OKUXrb0KvUFQ=="],

    "@types/bun": ["@types/bun@1.3.14", "", { "dependencies": { "bun-types": "1.3.14" } }, "sha512-h1hFqFVcvAvD9j9K7ZW7vd82aSA+rTdznZa+5bwvCwqSB1jmmfLcbIWhOLx1/+boy/xmjgCs/OMUL8hRJSmnPw=="],

    "@types/node": ["@types/node@25.8.0", "", { "dependencies": { "undici-types": ">=7.24.0 <7.24.7" } }, "sha512-TCFSk8IZh+iLX1xtksoBVtdmgL+1IX0fC9BeU4QqFSuNdN/K+HUlhqOzEmSYYpZUVsLYcPqc9KX+60iDuninSQ=="],

    "@types/react": ["@types/react@19.2.14", "", { "dependencies": { "csstype": "^3.2.2" } }, "sha512-ilcTH/UniCkMdtexkoCN0bI7pMcJDvmQFPvuPvmEaYA/NSfFTAgdUSLAoVjaRJm7+6PvcM+q1zYOwS4wTYMF9w=="],

    "@types/react-dom": ["@types/react-dom@19.2.3", "", { "peerDependencies": { "@types/react": "^19.2.0" } }, "sha512-jp2L/eY6fn+KgVVQAOqYItbF0VY/YApe5Mz2F0aykSO8gx31bYCZyvSeYxCHKvzHG5eZjc+zyaS5BrBWya2+kQ=="],

    "bun-types": ["bun-types@1.3.14", "", { "dependencies": { "@types/node": "*" } }, "sha512-4N0ig0fEomHt5R0KCFWjovxow98rIoRwKolrYdCcknNwMekCXRnWEUvgu5soYV8QXtVsrUD8B95MBOZGPvr6KQ=="],

    "csstype": ["csstype@3.2.3", "", {}, "sha512-z1HGKcYy2xA8AGQfwrn0PAy+PB7X/GSj3UVJW9qKyn43xWa+gl5nXmU4qqLMRzWVLFC8KusUX8T/0kCiOYpAIQ=="],

    "devjar": ["devjar@1.0.0", "", { "dependencies": { "es-module-lexer": "1.6.0", "oxc-minify": "0.148.0", "oxc-transform": "^0.144.0" }, "peerDependencies": { "react": "^19.0.0" }, "bin": { "devjar": "dist/bin.js" } }, "sha512-UeK/qFce0+9wCNfyGB+a8QKS6n2z59QRYCEYfe4gARrqaBobzwljSw556VCUHUG2zV3qW1wQc1D6s28ulj4tWg=="],

    "es-module-lexer": ["es-module-lexer@1.6.0", "", {}, "sha512-qqnD1yMU6tk/jnaMosogGySTZP8YtUgAffA9nMN+E/rjxcfRQ6IEk7IiozUjgxKoFHBGjTLnrHB/YC45r/59EQ=="],

    "oxc-minify": ["oxc-minify@0.148.0", "", { "optionalDependencies": { "@oxc-minify/binding-android-arm-eabi": "0.148.0", "@oxc-minify/binding-android-arm64": "0.148.0", "@oxc-minify/binding-darwin-arm64": "0.148.0", "@oxc-minify/binding-darwin-x64": "0.148.0", "@oxc-minify/binding-freebsd-x64": "0.148.0", "@oxc-minify/binding-linux-arm-gnueabihf": "0.148.0", "@oxc-minify/binding-linux-arm-musleabihf": "0.148.0", "@oxc-minify/binding-linux-arm64-gnu": "0.148.0", "@oxc-minify/binding-linux-arm64-musl": "0.148.0", "@oxc-minify/binding-linux-ppc64-gnu": "0.148.0", "@oxc-minify/binding-linux-riscv64-gnu": "0.148.0", "@oxc-minify/binding-linux-riscv64-musl": "0.148.0", "@oxc-minify/binding-linux-s390x-gnu": "0.148.0", "@oxc-minify/binding-linux-x64-gnu": "0.148.0", "@oxc-minify/binding-linux-x64-musl": "0.148.0", "@oxc-minify/binding-openharmony-arm64": "0.148.0", "@oxc-minify/binding-win32-arm64-msvc": "0.148.0", "@oxc-minify/binding-win32-ia32-msvc": "0.148.0", "@oxc-minify/binding-win32-x64-msvc": "0.148.0" } }, "sha512-sIq23vjCiMki8tNOwv4hBJ7+flGnqswKTUGadk/t7XAJlAP20r6e/HRB2NNczEkT+GUS2kIS7BvDF6WPWakacw=="],

    "oxc-transform": ["oxc-transform@0.144.0", "", { "optionalDependencies": { "@oxc-transform/binding-android-arm-eabi": "0.144.0", "@oxc-transform/binding-android-arm64": "0.144.0", "@oxc-transform/binding-darwin-arm64": "0.144.0", "@oxc-transform/binding-darwin-x64": "0.144.0", "@oxc-transform/binding-freebsd-x64": "0.144.0", "@oxc-transform/binding-linux-arm-gnueabihf": "0.144.0", "@oxc-transform/binding-linux-arm-musleabihf": "0.144.0", "@oxc-transform/binding-linux-arm64-gnu": "0.144.0", "@oxc-transform/binding-linux-arm64-musl": "0.144.0", "@oxc-transform/binding-linux-ppc64-gnu": "0.144.0", "@oxc-transform/binding-linux-riscv64-gnu": "0.144.0", "@oxc-transform/binding-linux-riscv64-musl": "0.144.0", "@oxc-transform/binding-linux-s390x-gnu": "0.144.0", "@oxc-transform/binding-linux-x64-gnu": "0.144.0", "@oxc-transform/binding-linux-x64-musl": "0.144.0", "@oxc-transform/binding-openharmony-arm64": "0.144.0", "@oxc-transform/binding-win32-arm64-msvc": "0.144.0", "@oxc-transform/binding-win32-ia32-msvc": "0.144.0", "@oxc-transform/binding-win32-x64-msvc": "0.144.0" } }, "sha512-a6mYoz3PPIlwbU4xtHAmWJHD0SvXh9ayAHI1D0+LJEKvln+koaD2M9AAAm5bAN5kkT2AWxN37IVhL1EAzXUyfw=="],

    "react": ["react@19.2.6", "", {}, "sha512-sfWGGfavi0xr8Pg0sVsyHMAOziVYKgPLNrS7ig+ivMNb3wbCBw3KxtflsGBAwD3gYQlE/AEZsTLgToRrSCjb0Q=="],

    "react-dom": ["react-dom@19.2.6", "", { "dependencies": { "scheduler": "^0.27.0" }, "peerDependencies": { "react": "^19.2.6" } }, "sha512-0prMI+hvBbPjsWnxDLxlCGyM8PN6UuWjEUCYmZhO67xIV9Xasa/r/vDnq+Xyq4Lo27g8QSbO5YzARu0D1Sps3g=="],

    "scheduler": ["scheduler@0.27.0", "", {}, "sha512-eNv+WrVbKu1f3vbYJT/xtiF5syA5HPIMtf9IgY/nKg0sWqzAUEvqY/xm7OcZc/qafLx/iO9FgOmeSAp4v5ti/Q=="],

    "tailwindcss": ["tailwindcss@4.3.0", "", {}, "sha512-y6nxMGB1nMW9R6k96e5gdIFzcfL/gTJRNaqGes1YvkLnPVXzWgbqFF2yLC0T8G774n24cx3Pe8XrKoniCOAH+Q=="],

    "typescript": ["typescript@6.0.3", "", { "bin": { "tsc": "bin/tsc", "tsserver": "bin/tsserver" } }, "sha512-y2TvuxSZPDyQakkFRPZHKFm+KKVqIisdg9/CZwm9ftvKXLP8NRWj38/ODjNbr43SsoXqNuAisEf1GdCxqWcdBw=="],

    "undici-types": ["undici-types@7.24.6", "", {}, "sha512-WRNW+sJgj5OBN4/0JpHFqtqzhpbnV0GuB+OozA9gCL7a993SmU+1JBZCzLNxYsbMfIeDL+lTsphD5jN5N+n0zg=="],
  }
}
